
Microsoft Visual Studio Solution File, Format Version 12.00
# Visual Studio Version 16
VisualStudioVersion = 16.0.29613.14
MinimumVisualStudioVersion = 10.0.40219.1
Project("{FAE04EC0-301F-11D3-BF4B-00C04F79EFBC}") = "GasQuoteConverter", "GasQuoteConverter\GasQuoteConverter.csproj", "{F5B9F32B-5E64-4A68-BEE1-801584BFC9F5}"
EndProject
Project("{FAE04EC0-301F-11D3-BF4B-00C04F79EFBC}") = "GasQuoteConverterTests", "GasQuoteConverterTests\GasQuoteConverterTests.csproj", "{0F28CC9A-BF9B-4173-8E09-86A11F468A75}"
EndProject
Global
	GlobalSection(SolutionConfigurationPlatforms) = preSolution
		Debug|Any CPU = Debug|Any CPU
		Release|Any CPU = Release|Any CPU
	EndGlobalSection
	GlobalSection(ProjectConfigurationPlatforms) = postSolution
		{F5B9F32B-5E64-4A68-BEE1-801584BFC9F5}.Debug|Any CPU.ActiveCfg = Debug|Any CPU
		{F5B9F32B-5E64-4A68-BEE1-801584BFC9F5}.Debug|Any CPU.Build.0 = Debug|Any CPU
		{F5B9F32B-5E64-4A68-BEE1-801584BFC9F5}.Release|Any CPU.ActiveCfg = Release|Any CPU
		{F5B9F32B-5E64-4A68-BEE1-801584BFC9F5}.Release|Any CPU.Build.0 = Release|Any CPU
		{0F28CC9A-BF9B-4173-8E09-86A11F468A75}.Debug|Any CPU.ActiveCfg = Debug|Any CPU
		{0F28CC9A-BF9B-4173-8E09-86A11F468A75}.Debug|Any CPU.Build.0 = Debug|Any CPU
		{0F28CC9A-BF9B-4173-8E09-86A11F468A75}.Release|Any CPU.ActiveCfg = Release|Any CPU
		{0F28CC9A-BF9B-4173-8E09-86A11F468A75}.Release|Any CPU.Build.0 = Release|Any CPU
	EndGlobalSection
	GlobalSection(SolutionProperties) = preSolution
		HideSolutionNode = FALSE
	EndGlobalSection
	GlobalSection(ExtensibilityGlobals) = postSolution
		SolutionGuid = {5D5A43E2-1A00-4FC2-8865-69C18887C416}
	EndGlobalSection
EndGlobal
